
Microsoft Visual Studio Solution File, Format Version 12.00
# Visual Studio 14
VisualStudioVersion = 14.0.25420.1
MinimumVisualStudioVersion = 10.0.40219.1
Project("{FAE04EC0-301F-11D3-BF4B-00C04F79EFBC}") = "Alvaco", "Alvaco\Alvaco.csproj", "{55DEE111-4024-45AD-AE82-BB7ACC1C563C}"
EndProject
Project("{FAE04EC0-301F-11D3-BF4B-00C04F79EFBC}") = "DatabaseLayer", "DatabaseLayer\DatabaseLayer.csproj", "{97F1386E-B018-40DA-AA70-3B2F8C61E9F7}"
EndProject
Global
	GlobalSection(SolutionConfigurationPlatforms) = preSolution
		Debug|Any CPU = Debug|Any CPU
		Release|Any CPU = Release|Any CPU
	EndGlobalSection
	GlobalSection(ProjectConfigurationPlatforms) = postSolution
		{55DEE111-4024-45AD-AE82-BB7ACC1C563C}.Debug|Any CPU.ActiveCfg = Debug|Any CPU
		{55DEE111-4024-45AD-AE82-BB7ACC1C563C}.Debug|Any CPU.Build.0 = Debug|Any CPU
		{55DEE111-4024-45AD-AE82-BB7ACC1C563C}.Release|Any CPU.ActiveCfg = Release|Any CPU
		{55DEE111-4024-45AD-AE82-BB7ACC1C563C}.Release|Any CPU.Build.0 = Release|Any CPU
		{97F1386E-B018-40DA-AA70-3B2F8C61E9F7}.Debug|Any CPU.ActiveCfg = Debug|Any CPU
		{97F1386E-B018-40DA-AA70-3B2F8C61E9F7}.Debug|Any CPU.Build.0 = Debug|Any CPU
		{97F1386E-B018-40DA-AA70-3B2F8C61E9F7}.Release|Any CPU.ActiveCfg = Release|Any CPU
		{97F1386E-B018-40DA-AA70-3B2F8C61E9F7}.Release|Any CPU.Build.0 = Release|Any CPU
	EndGlobalSection
	GlobalSection(SolutionProperties) = preSolution
		HideSolutionNode = FALSE
	EndGlobalSection
EndGlobal
